
Microsoft Visual Studio Solution File, Format Version 12.00
# Visual Studio Version 17
VisualStudioVersion = 17.3.32901.215
MinimumVisualStudioVersion = 10.0.40219.1
Project("{FAE04EC0-301F-11D3-BF4B-00C04F79EFBC}") = "shopapp.webui", "shopapp.webui\shopapp.webui.csproj", "{6A7507BF-4582-4D0A-B75C-72C43BED2DAA}"
EndProject
Global
	GlobalSection(SolutionConfigurationPlatforms) = preSolution
		Debug|Any CPU = Debug|Any CPU
		Release|Any CPU = Release|Any CPU
	EndGlobalSection
	GlobalSection(ProjectConfigurationPlatforms) = postSolution
		{6A7507BF-4582-4D0A-B75C-72C43BED2DAA}.Debug|Any CPU.ActiveCfg = Debug|Any CPU
		{6A7507BF-4582-4D0A-B75C-72C43BED2DAA}.Debug|Any CPU.Build.0 = Debug|Any CPU
		{6A7507BF-4582-4D0A-B75C-72C43BED2DAA}.Release|Any CPU.ActiveCfg = Release|Any CPU
		{6A7507BF-4582-4D0A-B75C-72C43BED2DAA}.Release|Any CPU.Build.0 = Release|Any CPU
	EndGlobalSection
	GlobalSection(SolutionProperties) = preSolution
		HideSolutionNode = FALSE
	EndGlobalSection
	GlobalSection(ExtensibilityGlobals) = postSolution
		SolutionGuid = {D7D07824-DB29-402E-859B-7191E1C14FF0}
	EndGlobalSection
EndGlobal
